
Microsoft Visual Studio Solution File, Format Version 12.00
# Visual Studio Version 16
VisualStudioVersion = 16.0.31424.327
MinimumVisualStudioVersion = 10.0.40219.1
Project("{FAE04EC0-301F-11D3-BF4B-00C04F79EFBC}") = "VertMarketsMagazines", "VertMarketsMagazines\VertMarketsMagazines.csproj", "{F9011235-6839-49FB-8A8F-C5ED68B82076}"
EndProject
Global
	GlobalSection(SolutionConfigurationPlatforms) = preSolution
		Debug|Any CPU = Debug|Any CPU
		Release|Any CPU = Release|Any CPU
	EndGlobalSection
	GlobalSection(ProjectConfigurationPlatforms) = postSolution
		{F9011235-6839-49FB-8A8F-C5ED68B82076}.Debug|Any CPU.ActiveCfg = Debug|Any CPU
		{F9011235-6839-49FB-8A8F-C5ED68B82076}.Debug|Any CPU.Build.0 = Debug|Any CPU
		{F9011235-6839-49FB-8A8F-C5ED68B82076}.Release|Any CPU.ActiveCfg = Release|Any CPU
		{F9011235-6839-49FB-8A8F-C5ED68B82076}.Release|Any CPU.Build.0 = Release|Any CPU
	EndGlobalSection
	GlobalSection(SolutionProperties) = preSolution
		HideSolutionNode = FALSE
	EndGlobalSection
	GlobalSection(ExtensibilityGlobals) = postSolution
		SolutionGuid = {78DD2022-7DF3-4454-B5F5-98E7126C180F}
	EndGlobalSection
EndGlobal
